PODS:
  - DatabaseObjectsMapper (0.2.0):
    - DictionaryCoding (~> 1.0)
    - RealmSwift (~> 4.1)
  - DictionaryCoding (1.0.6)
  - Realm (4.1.1):
    - Realm/Headers (= 4.1.1)
  - Realm/Headers (4.1.1)
  - RealmSwift (4.1.1):
    - Realm (= 4.1.1)
  - Sourcery (0.16.2)
  - SourceryAdditions (0.1.1)

DEPENDENCIES:
  - DatabaseObjectsMapper (from `../`)
  - Sourcery
  - SourceryAdditions (from `../../SourceryAdditions`)

SPEC REPOS:
  https://github.com/CocoaPods/Specs.git:
    - DictionaryCoding
    - Realm
    - RealmSwift
    - Sourcery

EXTERNAL SOURCES:
  DatabaseObjectsMapper:
    :path: "../"
  SourceryAdditions:
    :path: "../../SourceryAdditions"

SPEC CHECKSUMS:
  DatabaseObjectsMapper: f5586e8d273d47f2fdc0559e2f13a79568530d2e
  DictionaryCoding: 0ebf6aa87afe8be803c544b85b8d894907c0e019
  Realm: 25f0a8244cbb1c2271c922963ea8666fc2d8104d
  RealmSwift: 9e2657b33764f80e4a4dffd6d440e24715782052
  Sourcery: 3f406d227efd179773b3c3599ebd1700d1a6013c
  SourceryAdditions: 91ea262d7acabe8d933483a877aa51d791110794

PODFILE CHECKSUM: 31c7ef48f7bbae4ec24c7f10f178a08159c857d2

COCOAPODS: 1.8.4
