PODS:
  - DatabaseObjectsMapper (0.4):
    - RealmSwift (~> 10.22)
  - Realm (10.22.0):
    - Realm/Headers (= 10.22.0)
  - Realm/Headers (10.22.0)
  - RealmSwift (10.22.0):
    - Realm (= 10.22.0)
  - Sourcery (1.6.1):
    - Sourcery/CLI-Only (= 1.6.1)
  - Sourcery/CLI-Only (1.6.1)
  - SourceryAdditions (0.1.1)

DEPENDENCIES:
  - DatabaseObjectsMapper (from `../`)
  - Sourcery
  - SourceryAdditions (from `../../SourceryAdditions`)

SPEC REPOS:
  https://github.com/CocoaPods/Specs.git:
    - Realm
    - RealmSwift
    - Sourcery

EXTERNAL SOURCES:
  DatabaseObjectsMapper:
    :path: "../"
  SourceryAdditions:
    :path: "../../SourceryAdditions"

SPEC CHECKSUMS:
  DatabaseObjectsMapper: df0281f3ec0ff479907f420820758adabbaa5c89
  Realm: d9e4e5877095a6722145811f56fe89a531c9659d
  RealmSwift: e4191b4b957fcfcbed23751ec65eec98f8173ab5
  Sourcery: f3759f803bd0739f74fc92a4341eed0473ce61ac
  SourceryAdditions: 91ea262d7acabe8d933483a877aa51d791110794

PODFILE CHECKSUM: 31c7ef48f7bbae4ec24c7f10f178a08159c857d2

COCOAPODS: 1.11.2
